
Microsoft Visual Studio Solution File, Format Version 12.00
# Visual Studio Version 17
VisualStudioVersion = 17.1.32210.238
MinimumVisualStudioVersion = 10.0.40219.1
Project("{2150E333-8FDC-42A3-9474-1A3956D46DE8}") = "src", "src", "{2708DC72-60D0-4B53-AD09-13AC40E6945C}"
EndProject
Project("{FAE04EC0-301F-11D3-BF4B-00C04F79EFBC}") = "SOSH3.Museum.WebApplication", "src\SOSH3.Museum.WebApplication\SOSH3.Museum.WebApplication.csproj", "{3F408EBB-F11D-450A-A90C-D05846B1F660}"
EndProject
Global
	GlobalSection(SolutionConfigurationPlatforms) = preSolution
		Debug|Any CPU = Debug|Any CPU
		Release|Any CPU = Release|Any CPU
	EndGlobalSection
	GlobalSection(ProjectConfigurationPlatforms) = postSolution
		{3F408EBB-F11D-450A-A90C-D05846B1F660}.Debug|Any CPU.ActiveCfg = Debug|Any CPU
		{3F408EBB-F11D-450A-A90C-D05846B1F660}.Debug|Any CPU.Build.0 = Debug|Any CPU
		{3F408EBB-F11D-450A-A90C-D05846B1F660}.Release|Any CPU.ActiveCfg = Release|Any CPU
		{3F408EBB-F11D-450A-A90C-D05846B1F660}.Release|Any CPU.Build.0 = Release|Any CPU
	EndGlobalSection
	GlobalSection(SolutionProperties) = preSolution
		HideSolutionNode = FALSE
	EndGlobalSection
	GlobalSection(NestedProjects) = preSolution
		{3F408EBB-F11D-450A-A90C-D05846B1F660} = {2708DC72-60D0-4B53-AD09-13AC40E6945C}
	EndGlobalSection
	GlobalSection(ExtensibilityGlobals) = postSolution
		SolutionGuid = {119B6756-2D1A-49B5-A679-FA6F0E25742A}
	EndGlobalSection
EndGlobal
